// !$*UTF8*$!
{
	archiveVersion = 1;
	classes = {
	};
	objectVersion = 55;
	objects = {

/* Begin PBXBuildFile section */
		566D585B28CB869500010EFE /* FormQuizzList.swift in Sources */ = {isa = PBXBuildFile; fileRef = 566D585A28CB869500010EFE /* FormQuizzList.swift */; };
		566D585D28CB8D4F00010EFE /* QuizzesView.swift in Sources */ = {isa = PBXBuildFile; fileRef = 566D585C28CB8D4F00010EFE /* QuizzesView.swift */; };
		566D585F28CB8EB500010EFE /* DraftsView.swift in Sources */ = {isa = PBXBuildFile; fileRef = 566D585E28CB8EB500010EFE /* DraftsView.swift */; };
		566D586128CB8F2600010EFE /* MyAccountView.swift in Sources */ = {isa = PBXBuildFile; fileRef = 566D586028CB8F2600010EFE /* MyAccountView.swift */; };
		566D586428CB911000010EFE /* SignupView.swift in Sources */ = {isa = PBXBuildFile; fileRef = 566D586328CB911000010EFE /* SignupView.swift */; };
		568DB31927A1A05800E98F4B /* SurveyAnyApp.swift in Sources */ = {isa = PBXBuildFile; fileRef = 568DB31827A1A05800E98F4B /* SurveyAnyApp.swift */; };
		568DB31D27A1A05A00E98F4B /* Assets.xcassets in Resources */ = {isa = PBXBuildFile; fileRef = 568DB31C27A1A05A00E98F4B /* Assets.xcassets */; };
		568DB32027A1A05A00E98F4B /* Preview Assets.xcassets in Resources */ = {isa = PBXBuildFile; fileRef = 568DB31F27A1A05A00E98F4B /* Preview Assets.xcassets */; };
		568DB32227A1A05A00E98F4B /* Persistence.swift in Sources */ = {isa = PBXBuildFile; fileRef = 568DB32127A1A05A00E98F4B /* Persistence.swift */; };
		568DB32527A1A05A00E98F4B /* SurveyAny.xcdatamodeld in Sources */ = {isa = PBXBuildFile; fileRef = 568DB32327A1A05A00E98F4B /* SurveyAny.xcdatamodeld */; };
		568DB32F27A1A05B00E98F4B /* SurveyAnyTests.swift in Sources */ = {isa = PBXBuildFile; fileRef = 568DB32E27A1A05B00E98F4B /* SurveyAnyTests.swift */; };
		568DB33927A1A05B00E98F4B /* SurveyAnyUITests.swift in Sources */ = {isa = PBXBuildFile; fileRef = 568DB33827A1A05B00E98F4B /* SurveyAnyUITests.swift */; };
		568DB33B27A1A05B00E98F4B /* SurveyAnyUITestsLaunchTests.swift in Sources */ = {isa = PBXBuildFile; fileRef = 568DB33A27A1A05B00E98F4B /* SurveyAnyUITestsLaunchTests.swift */; };
		568DB34B27A1A32B00E98F4B /* HomeView.swift in Sources */ = {isa = PBXBuildFile; fileRef = 568DB34A27A1A32B00E98F4B /* HomeView.swift */; };
		568DB34D27A1A37D00E98F4B /* RootView.swift in Sources */ = {isa = PBXBuildFile; fileRef = 568DB34C27A1A37D00E98F4B /* RootView.swift */; };
		568DB34F27A1A72600E98F4B /* FormListView.swift in Sources */ = {isa = PBXBuildFile; fileRef = 568DB34E27A1A72600E98F4B /* FormListView.swift */; };
		568DB35227A1A90400E98F4B /* FormListCell.swift in Sources */ = {isa = PBXBuildFile; fileRef = 568DB35127A1A90400E98F4B /* FormListCell.swift */; };
		56C6496F28CA2E6E003186EA /* GeneralModifires.swift in Sources */ = {isa = PBXBuildFile; fileRef = 56C6496E28CA2E6E003186EA /* GeneralModifires.swift */; };
		56C6497228CA3E35003186EA /* GeneralExtension.swift in Sources */ = {isa = PBXBuildFile; fileRef = 56C6497128CA3E35003186EA /* GeneralExtension.swift */; };
		56FC123228CF602D00914B4B /* LoginView.swift in Sources */ = {isa = PBXBuildFile; fileRef = 56FC123128CF602D00914B4B /* LoginView.swift */; };
		56FC123428CF717400914B4B /* TextFieldModifires.swift in Sources */ = {isa = PBXBuildFile; fileRef = 56FC123328CF717400914B4B /* TextFieldModifires.swift */; };
		56FC123828CF79CF00914B4B /* AlignmentModifires.swift in Sources */ = {isa = PBXBuildFile; fileRef = 56FC123728CF79CF00914B4B /* AlignmentModifires.swift */; };
		56FC123B28CF88C700914B4B /* TextStyleExtension.swift in Sources */ = {isa = PBXBuildFile; fileRef = 56FC123A28CF88C700914B4B /* TextStyleExtension.swift */; };
/* End PBXBuildFile section */

/* Begin PBXContainerItemProxy section */
		568DB32B27A1A05B00E98F4B /* PBXContainerItemProxy */ = {
			isa = PBXContainerItemProxy;
			containerPortal = 568DB30D27A1A05800E98F4B /* Project object */;
			proxyType = 1;
			remoteGlobalIDString = 568DB31427A1A05800E98F4B;
			remoteInfo = SurveyAny;
		};
		568DB33527A1A05B00E98F4B /* PBXContainerItemProxy */ = {
			isa = PBXContainerItemProxy;
			containerPortal = 568DB30D27A1A05800E98F4B /* Project object */;
			proxyType = 1;
			remoteGlobalIDString = 568DB31427A1A05800E98F4B;
			remoteInfo = SurveyAny;
		};
/* End PBXContainerItemProxy section */

/* Begin PBXFileReference section */
		566D585A28CB869500010EFE /* FormQuizzList.swift */ = {isa = PBXFileReference; lastKnownFileType = sourcecode.swift; path = FormQuizzList.swift; sourceTree = "<group>"; };
		566D585C28CB8D4F00010EFE /* QuizzesView.swift */ = {isa = PBXFileReference; lastKnownFileType = sourcecode.swift; path = QuizzesView.swift; sourceTree = "<group>"; };
		566D585E28CB8EB500010EFE /* DraftsView.swift */ = {isa = PBXFileReference; lastKnownFileType = sourcecode.swift; path = DraftsView.swift; sourceTree = "<group>"; };
		566D586028CB8F2600010EFE /* MyAccountView.swift */ = {isa = PBXFileReference; lastKnownFileType = sourcecode.swift; path = MyAccountView.swift; sourceTree = "<group>"; };
		566D586328CB911000010EFE /* SignupView.swift */ = {isa = PBXFileReference; lastKnownFileType = sourcecode.swift; path = SignupView.swift; sourceTree = "<group>"; };
		568DB31527A1A05800E98F4B /* SurveyAny.app */ = {isa = PBXFileReference; explicitFileType = wrapper.application; includeInIndex = 0; path = SurveyAny.app; sourceTree = BUILT_PRODUCTS_DIR; };
		568DB31827A1A05800E98F4B /* SurveyAnyApp.swift */ = {isa = PBXFileReference; lastKnownFileType = sourcecode.swift; path = SurveyAnyApp.swift; sourceTree = "<group>"; };
		568DB31C27A1A05A00E98F4B /* Assets.xcassets */ = {isa = PBXFileReference; lastKnownFileType = folder.assetcatalog; path = Assets.xcassets; sourceTree = "<group>"; };
		568DB31F27A1A05A00E98F4B /* Preview Assets.xcassets */ = {isa = PBXFileReference; lastKnownFileType = folder.assetcatalog; path = "Preview Assets.xcassets"; sourceTree = "<group>"; };
		568DB32127A1A05A00E98F4B /* Persistence.swift */ = {isa = PBXFileReference; lastKnownFileType = sourcecode.swift; path = Persistence.swift; sourceTree = "<group>"; };
		568DB32427A1A05A00E98F4B /* SurveyAny.xcdatamodel */ = {isa = PBXFileReference; lastKnownFileType = wrapper.xcdatamodel; path = SurveyAny.xcdatamodel; sourceTree = "<group>"; };
		568DB32A27A1A05B00E98F4B /* SurveyAnyTests.xctest */ = {isa = PBXFileReference; explicitFileType = wrapper.cfbundle; includeInIndex = 0; path = SurveyAnyTests.xctest; sourceTree = BUILT_PRODUCTS_DIR; };
		568DB32E27A1A05B00E98F4B /* SurveyAnyTests.swift */ = {isa = PBXFileReference; lastKnownFileType = sourcecode.swift; path = SurveyAnyTests.swift; sourceTree = "<group>"; };
		568DB33427A1A05B00E98F4B /* SurveyAnyUITests.xctest */ = {isa = PBXFileReference; explicitFileType = wrapper.cfbundle; includeInIndex = 0; path = SurveyAnyUITests.xctest; sourceTree = BUILT_PRODUCTS_DIR; };
		568DB33827A1A05B00E98F4B /* SurveyAnyUITests.swift */ = {isa = PBXFileReference; lastKnownFileType = sourcecode.swift; path = SurveyAnyUITests.swift; sourceTree = "<group>"; };
		568DB33A27A1A05B00E98F4B /* SurveyAnyUITestsLaunchTests.swift */ = {isa = PBXFileReference; lastKnownFileType = sourcecode.swift; path = SurveyAnyUITestsLaunchTests.swift; sourceTree = "<group>"; };
		568DB34A27A1A32B00E98F4B /* HomeView.swift */ = {isa = PBXFileReference; lastKnownFileType = sourcecode.swift; path = HomeView.swift; sourceTree = "<group>"; };
		568DB34C27A1A37D00E98F4B /* RootView.swift */ = {isa = PBXFileReference; lastKnownFileType = sourcecode.swift; path = RootView.swift; sourceTree = "<group>"; };
		568DB34E27A1A72600E98F4B /* FormListView.swift */ = {isa = PBXFileReference; lastKnownFileType = sourcecode.swift; path = FormListView.swift; sourceTree = "<group>"; };
		568DB35127A1A90400E98F4B /* FormListCell.swift */ = {isa = PBXFileReference; lastKnownFileType = sourcecode.swift; path = FormListCell.swift; sourceTree = "<group>"; };
		56C6496E28CA2E6E003186EA /* GeneralModifires.swift */ = {isa = PBXFileReference; lastKnownFileType = sourcecode.swift; path = GeneralModifires.swift; sourceTree = "<group>"; };
		56C6497128CA3E35003186EA /* GeneralExtension.swift */ = {isa = PBXFileReference; lastKnownFileType = sourcecode.swift; path = GeneralExtension.swift; sourceTree = "<group>"; };
		56FC123128CF602D00914B4B /* LoginView.swift */ = {isa = PBXFileReference; lastKnownFileType = sourcecode.swift; path = LoginView.swift; sourceTree = "<group>"; };
		56FC123328CF717400914B4B /* TextFieldModifires.swift */ = {isa = PBXFileReference; lastKnownFileType = sourcecode.swift; path = TextFieldModifires.swift; sourceTree = "<group>"; };
		56FC123728CF79CF00914B4B /* AlignmentModifires.swift */ = {isa = PBXFileReference; lastKnownFileType = sourcecode.swift; path = AlignmentModifires.swift; sourceTree = "<group>"; };
		56FC123A28CF88C700914B4B /* TextStyleExtension.swift */ = {isa = PBXFileReference; lastKnownFileType = sourcecode.swift; path = TextStyleExtension.swift; sourceTree = "<group>"; };
/* End PBXFileReference section */

/* Begin PBXFrameworksBuildPhase section */
		568DB31227A1A05800E98F4B /* Frameworks */ = {
			isa = PBXFrameworksBuildPhase;
			buildActionMask = 2147483647;
			files = (
			);
			runOnlyForDeploymentPostprocessing = 0;
		};
		568DB32727A1A05B00E98F4B /* Frameworks */ = {
			isa = PBXFrameworksBuildPhase;
			buildActionMask = 2147483647;
			files = (
			);
			runOnlyForDeploymentPostprocessing = 0;
		};
		568DB33127A1A05B00E98F4B /* Frameworks */ = {
			isa = PBXFrameworksBuildPhase;
			buildActionMask = 2147483647;
			files = (
			);
			runOnlyForDeploymentPostprocessing = 0;
		};
/* End PBXFrameworksBuildPhase section */

/* Begin PBXGroup section */
		566D586228CB90D800010EFE /* Myaccount */ = {
			isa = PBXGroup;
			children = (
				566D586028CB8F2600010EFE /* MyAccountView.swift */,
				566D586328CB911000010EFE /* SignupView.swift */,
			);
			path = Myaccount;
			sourceTree = "<group>";
		};
		566D586528CB917700010EFE /* cell */ = {
			isa = PBXGroup;
			children = (
				568DB35127A1A90400E98F4B /* FormListCell.swift */,
			);
			path = cell;
			sourceTree = "<group>";
		};
		566D586628CB919F00010EFE /* Modifires */ = {
			isa = PBXGroup;
			children = (
				56C6496E28CA2E6E003186EA /* GeneralModifires.swift */,
				56FC123328CF717400914B4B /* TextFieldModifires.swift */,
				56FC123728CF79CF00914B4B /* AlignmentModifires.swift */,
			);
			path = Modifires;
			sourceTree = "<group>";
		};
		566D586728CB91AD00010EFE /* ViewBuilder */ = {
			isa = PBXGroup;
			children = (
				566D585A28CB869500010EFE /* FormQuizzList.swift */,
			);
			path = ViewBuilder;
			sourceTree = "<group>";
		};
		568DB30C27A1A05800E98F4B = {
			isa = PBXGroup;
			children = (
				568DB31727A1A05800E98F4B /* SurveyAny */,
				568DB32D27A1A05B00E98F4B /* SurveyAnyTests */,
				568DB33727A1A05B00E98F4B /* SurveyAnyUITests */,
				568DB31627A1A05800E98F4B /* Products */,
			);
			sourceTree = "<group>";
		};
		568DB31627A1A05800E98F4B /* Products */ = {
			isa = PBXGroup;
			children = (
				568DB31527A1A05800E98F4B /* SurveyAny.app */,
				568DB32A27A1A05B00E98F4B /* SurveyAnyTests.xctest */,
				568DB33427A1A05B00E98F4B /* SurveyAnyUITests.xctest */,
			);
			name = Products;
			sourceTree = "<group>";
		};
		568DB31727A1A05800E98F4B /* SurveyAny */ = {
			isa = PBXGroup;
			children = (
				56C6497328CA40B1003186EA /* Pages */,
				568DB35027A1A82600E98F4B /* ReusableView */,
				568DB31827A1A05800E98F4B /* SurveyAnyApp.swift */,
				56C6497028CA3DEA003186EA /* GeneralItems */,
				568DB31C27A1A05A00E98F4B /* Assets.xcassets */,
				568DB32127A1A05A00E98F4B /* Persistence.swift */,
				568DB32327A1A05A00E98F4B /* SurveyAny.xcdatamodeld */,
				568DB31E27A1A05A00E98F4B /* Preview Content */,
			);
			path = SurveyAny;
			sourceTree = "<group>";
		};
		568DB31E27A1A05A00E98F4B /* Preview Content */ = {
			isa = PBXGroup;
			children = (
				568DB31F27A1A05A00E98F4B /* Preview Assets.xcassets */,
			);
			path = "Preview Content";
			sourceTree = "<group>";
		};
		568DB32D27A1A05B00E98F4B /* SurveyAnyTests */ = {
			isa = PBXGroup;
			children = (
				568DB32E27A1A05B00E98F4B /* SurveyAnyTests.swift */,
			);
			path = SurveyAnyTests;
			sourceTree = "<group>";
		};
		568DB33727A1A05B00E98F4B /* SurveyAnyUITests */ = {
			isa = PBXGroup;
			children = (
				568DB33827A1A05B00E98F4B /* SurveyAnyUITests.swift */,
				568DB33A27A1A05B00E98F4B /* SurveyAnyUITestsLaunchTests.swift */,
			);
			path = SurveyAnyUITests;
			sourceTree = "<group>";
		};
		568DB34827A1A2E800E98F4B /* View */ = {
			isa = PBXGroup;
			children = (
				56FC123028CF601500914B4B /* Login */,
				568DB34C27A1A37D00E98F4B /* RootView.swift */,
				56FC122F28CF5FEE00914B4B /* Tabs */,
				566D586228CB90D800010EFE /* Myaccount */,
			);
			path = View;
			sourceTree = "<group>";
		};
		568DB35027A1A82600E98F4B /* ReusableView */ = {
			isa = PBXGroup;
			children = (
				56FC123928CF88A300914B4B /* TextStyle */,
				566D586528CB917700010EFE /* cell */,
				566D586628CB919F00010EFE /* Modifires */,
				566D586728CB91AD00010EFE /* ViewBuilder */,
			);
			path = ReusableView;
			sourceTree = "<group>";
		};
		56C6497028CA3DEA003186EA /* GeneralItems */ = {
			isa = PBXGroup;
			children = (
				56C6497128CA3E35003186EA /* GeneralExtension.swift */,
			);
			path = GeneralItems;
			sourceTree = "<group>";
		};
		56C6497328CA40B1003186EA /* Pages */ = {
			isa = PBXGroup;
			children = (
				568DB34827A1A2E800E98F4B /* View */,
			);
			path = Pages;
			sourceTree = "<group>";
		};
		56FC122F28CF5FEE00914B4B /* Tabs */ = {
			isa = PBXGroup;
			children = (
				568DB34A27A1A32B00E98F4B /* HomeView.swift */,
				568DB34E27A1A72600E98F4B /* FormListView.swift */,
				566D585C28CB8D4F00010EFE /* QuizzesView.swift */,
				566D585E28CB8EB500010EFE /* DraftsView.swift */,
			);
			path = Tabs;
			sourceTree = "<group>";
		};
		56FC123028CF601500914B4B /* Login */ = {
			isa = PBXGroup;
			children = (
				56FC123128CF602D00914B4B /* LoginView.swift */,
			);
			path = Login;
			sourceTree = "<group>";
		};
		56FC123928CF88A300914B4B /* TextStyle */ = {
			isa = PBXGroup;
			children = (
				56FC123A28CF88C700914B4B /* TextStyleExtension.swift */,
			);
			path = TextStyle;
			sourceTree = "<group>";
		};
/* End PBXGroup section */

/* Begin PBXNativeTarget section */
		568DB31427A1A05800E98F4B /* SurveyAny */ = {
			isa = PBXNativeTarget;
			buildConfigurationList = 568DB33E27A1A05B00E98F4B /* Build configuration list for PBXNativeTarget "SurveyAny" */;
			buildPhases = (
				568DB31127A1A05800E98F4B /* Sources */,
				568DB31227A1A05800E98F4B /* Frameworks */,
				568DB31327A1A05800E98F4B /* Resources */,
			);
			buildRules = (
			);
			dependencies = (
			);
			name = SurveyAny;
			productName = SurveyAny;
			productReference = 568DB31527A1A05800E98F4B /* SurveyAny.app */;
			productType = "com.apple.product-type.application";
		};
		568DB32927A1A05B00E98F4B /* SurveyAnyTests */ = {
			isa = PBXNativeTarget;
			buildConfigurationList = 568DB34127A1A05B00E98F4B /* Build configuration list for PBXNativeTarget "SurveyAnyTests" */;
			buildPhases = (
				568DB32627A1A05B00E98F4B /* Sources */,
				568DB32727A1A05B00E98F4B /* Frameworks */,
				568DB32827A1A05B00E98F4B /* Resources */,
			);
			buildRules = (
			);
			dependencies = (
				568DB32C27A1A05B00E98F4B /* PBXTargetDependency */,
			);
			name = SurveyAnyTests;
			productName = SurveyAnyTests;
			productReference = 568DB32A27A1A05B00E98F4B /* SurveyAnyTests.xctest */;
			productType = "com.apple.product-type.bundle.unit-test";
		};
		568DB33327A1A05B00E98F4B /* SurveyAnyUITests */ = {
			isa = PBXNativeTarget;
			buildConfigurationList = 568DB34427A1A05B00E98F4B /* Build configuration list for PBXNativeTarget "SurveyAnyUITests" */;
			buildPhases = (
				568DB33027A1A05B00E98F4B /* Sources */,
				568DB33127A1A05B00E98F4B /* Frameworks */,
				568DB33227A1A05B00E98F4B /* Resources */,
			);
			buildRules = (
			);
			dependencies = (
				568DB33627A1A05B00E98F4B /* PBXTargetDependency */,
			);
			name = SurveyAnyUITests;
			productName = SurveyAnyUITests;
			productReference = 568DB33427A1A05B00E98F4B /* SurveyAnyUITests.xctest */;
			productType = "com.apple.product-type.bundle.ui-testing";
		};
/* End PBXNativeTarget section */

/* Begin PBXProject section */
		568DB30D27A1A05800E98F4B /* Project object */ = {
			isa = PBXProject;
			attributes = {
				BuildIndependentTargetsInParallel = 1;
				LastSwiftUpdateCheck = 1310;
				LastUpgradeCheck = 1310;
				TargetAttributes = {
					568DB31427A1A05800E98F4B = {
						CreatedOnToolsVersion = 13.1;
					};
					568DB32927A1A05B00E98F4B = {
						CreatedOnToolsVersion = 13.1;
						TestTargetID = 568DB31427A1A05800E98F4B;
					};
					568DB33327A1A05B00E98F4B = {
						CreatedOnToolsVersion = 13.1;
						TestTargetID = 568DB31427A1A05800E98F4B;
					};
				};
			};
			buildConfigurationList = 568DB31027A1A05800E98F4B /* Build configuration list for PBXProject "SurveyAny" */;
			compatibilityVersion = "Xcode 13.0";
			developmentRegion = en;
			hasScannedForEncodings = 0;
			knownRegions = (
				en,
				Base,
			);
			mainGroup = 568DB30C27A1A05800E98F4B;
			productRefGroup = 568DB31627A1A05800E98F4B /* Products */;
			projectDirPath = "";
			projectRoot = "";
			targets = (
				568DB31427A1A05800E98F4B /* SurveyAny */,
				568DB32927A1A05B00E98F4B /* SurveyAnyTests */,
				568DB33327A1A05B00E98F4B /* SurveyAnyUITests */,
			);
		};
/* End PBXProject section */

/* Begin PBXResourcesBuildPhase section */
		568DB31327A1A05800E98F4B /* Resources */ = {
			isa = PBXResourcesBuildPhase;
			buildActionMask = 2147483647;
			files = (
				568DB32027A1A05A00E98F4B /* Preview Assets.xcassets in Resources */,
				568DB31D27A1A05A00E98F4B /* Assets.xcassets in Resources */,
			);
			runOnlyForDeploymentPostprocessing = 0;
		};
		568DB32827A1A05B00E98F4B /* Resources */ = {
			isa = PBXResourcesBuildPhase;
			buildActionMask = 2147483647;
			files = (
			);
			runOnlyForDeploymentPostprocessing = 0;
		};
		568DB33227A1A05B00E98F4B /* Resources */ = {
			isa = PBXResourcesBuildPhase;
			buildActionMask = 2147483647;
			files = (
			);
			runOnlyForDeploymentPostprocessing = 0;
		};
/* End PBXResourcesBuildPhase section */

/* Begin PBXSourcesBuildPhase section */
		568DB31127A1A05800E98F4B /* Sources */ = {
			isa = PBXSourcesBuildPhase;
			buildActionMask = 2147483647;
			files = (
				56FC123228CF602D00914B4B /* LoginView.swift in Sources */,
				566D586428CB911000010EFE /* SignupView.swift in Sources */,
				568DB34F27A1A72600E98F4B /* FormListView.swift in Sources */,
				568DB32527A1A05A00E98F4B /* SurveyAny.xcdatamodeld in Sources */,
				566D585F28CB8EB500010EFE /* DraftsView.swift in Sources */,
				568DB35227A1A90400E98F4B /* FormListCell.swift in Sources */,
				566D585D28CB8D4F00010EFE /* QuizzesView.swift in Sources */,
				56C6497228CA3E35003186EA /* GeneralExtension.swift in Sources */,
				56FC123828CF79CF00914B4B /* AlignmentModifires.swift in Sources */,
				568DB34B27A1A32B00E98F4B /* HomeView.swift in Sources */,
				566D585B28CB869500010EFE /* FormQuizzList.swift in Sources */,
				56C6496F28CA2E6E003186EA /* GeneralModifires.swift in Sources */,
				56FC123428CF717400914B4B /* TextFieldModifires.swift in Sources */,
				568DB32227A1A05A00E98F4B /* Persistence.swift in Sources */,
				568DB31927A1A05800E98F4B /* SurveyAnyApp.swift in Sources */,
				566D586128CB8F2600010EFE /* MyAccountView.swift in Sources */,
				56FC123B28CF88C700914B4B /* TextStyleExtension.swift in Sources */,
				568DB34D27A1A37D00E98F4B /* RootView.swift in Sources */,
			);
			runOnlyForDeploymentPostprocessing = 0;
		};
		568DB32627A1A05B00E98F4B /* Sources */ = {
			isa = PBXSourcesBuildPhase;
			buildActionMask = 2147483647;
			files = (
				568DB32F27A1A05B00E98F4B /* SurveyAnyTests.swift in Sources */,
			);
			runOnlyForDeploymentPostprocessing = 0;
		};
		568DB33027A1A05B00E98F4B /* Sources */ = {
			isa = PBXSourcesBuildPhase;
			buildActionMask = 2147483647;
			files = (
				568DB33927A1A05B00E98F4B /* SurveyAnyUITests.swift in Sources */,
				568DB33B27A1A05B00E98F4B /* SurveyAnyUITestsLaunchTests.swift in Sources */,
			);
			runOnlyForDeploymentPostprocessing = 0;
		};
/* End PBXSourcesBuildPhase section */

/* Begin PBXTargetDependency section */
		568DB32C27A1A05B00E98F4B /* PBXTargetDependency */ = {
			isa = PBXTargetDependency;
			target = 568DB31427A1A05800E98F4B /* SurveyAny */;
			targetProxy = 568DB32B27A1A05B00E98F4B /* PBXContainerItemProxy */;
		};
		568DB33627A1A05B00E98F4B /* PBXTargetDependency */ = {
			isa = PBXTargetDependency;
			target = 568DB31427A1A05800E98F4B /* SurveyAny */;
			targetProxy = 568DB33527A1A05B00E98F4B /* PBXContainerItemProxy */;
		};
/* End PBXTargetDependency section */

/* Begin XCBuildConfiguration section */
		568DB33C27A1A05B00E98F4B /* Debug */ = {
			isa = XCBuildConfiguration;
			buildSettings = {
				ALWAYS_SEARCH_USER_PATHS = NO;
				CLANG_ANALYZER_NONNULL = YES;
				CLANG_ANALYZER_NUMBER_OBJECT_CONVERSION = YES_AGGRESSIVE;
				CLANG_CXX_LANGUAGE_STANDARD = "gnu++17";
				CLANG_CXX_LIBRARY = "libc++";
				CLANG_ENABLE_MODULES = YES;
				CLANG_ENABLE_OBJC_ARC = YES;
				CLANG_ENABLE_OBJC_WEAK = YES;
				CLANG_WARN_BLOCK_CAPTURE_AUTORELEASING = YES;
				CLANG_WARN_BOOL_CONVERSION = YES;
				CLANG_WARN_COMMA = YES;
				CLANG_WARN_CONSTANT_CONVERSION = YES;
				CLANG_WARN_DEPRECATED_OBJC_IMPLEMENTATIONS = YES;
				CLANG_WARN_DIRECT_OBJC_ISA_USAGE = YES_ERROR;
				CLANG_WARN_DOCUMENTATION_COMMENTS = YES;
				CLANG_WARN_EMPTY_BODY = YES;
				CLANG_WARN_ENUM_CONVERSION = YES;
				CLANG_WARN_INFINITE_RECURSION = YES;
				CLANG_WARN_INT_CONVERSION = YES;
				CLANG_WARN_NON_LITERAL_NULL_CONVERSION = YES;
				CLANG_WARN_OBJC_IMPLICIT_RETAIN_SELF = YES;
				CLANG_WARN_OBJC_LITERAL_CONVERSION = YES;
				CLANG_WARN_OBJC_ROOT_CLASS = YES_ERROR;
				CLANG_WARN_QUOTED_INCLUDE_IN_FRAMEWORK_HEADER = YES;
				CLANG_WARN_RANGE_LOOP_ANALYSIS = YES;
				CLANG_WARN_STRICT_PROTOTYPES = YES;
				CLANG_WARN_SUSPICIOUS_MOVE = YES;
				CLANG_WARN_UNGUARDED_AVAILABILITY = YES_AGGRESSIVE;
				CLANG_WARN_UNREACHABLE_CODE = YES;
				CLANG_WARN__DUPLICATE_METHOD_MATCH = YES;
				COPY_PHASE_STRIP = NO;
				DEBUG_INFORMATION_FORMAT = dwarf;
				ENABLE_STRICT_OBJC_MSGSEND = YES;
				ENABLE_TESTABILITY = YES;
				GCC_C_LANGUAGE_STANDARD = gnu11;
				GCC_DYNAMIC_NO_PIC = NO;
				GCC_NO_COMMON_BLOCKS = YES;
				GCC_OPTIMIZATION_LEVEL = 0;
				GCC_PREPROCESSOR_DEFINITIONS = (
					"DEBUG=1",
					"$(inherited)",
				);
				GCC_WARN_64_TO_32_BIT_CONVERSION = YES;
				GCC_WARN_ABOUT_RETURN_TYPE = YES_ERROR;
				GCC_WARN_UNDECLARED_SELECTOR = YES;
				GCC_WARN_UNINITIALIZED_AUTOS = YES_AGGRESSIVE;
				GCC_WARN_UNUSED_FUNCTION = YES;
				GCC_WARN_UNUSED_VARIABLE = YES;
				IPHONEOS_DEPLOYMENT_TARGET = 15.0;
				MTL_ENABLE_DEBUG_INFO = INCLUDE_SOURCE;
				MTL_FAST_MATH = YES;
				ONLY_ACTIVE_ARCH = YES;
				SDKROOT = iphoneos;
				SWIFT_ACTIVE_COMPILATION_CONDITIONS = DEBUG;
				SWIFT_OPTIMIZATION_LEVEL = "-Onone";
			};
			name = Debug;
		};
		568DB33D27A1A05B00E98F4B /* Release */ = {
			isa = XCBuildConfiguration;
			buildSettings = {
				ALWAYS_SEARCH_USER_PATHS = NO;
				CLANG_ANALYZER_NONNULL = YES;
				CLANG_ANALYZER_NUMBER_OBJECT_CONVERSION = YES_AGGRESSIVE;
				CLANG_CXX_LANGUAGE_STANDARD = "gnu++17";
				CLANG_CXX_LIBRARY = "libc++";
				CLANG_ENABLE_MODULES = YES;
				CLANG_ENABLE_OBJC_ARC = YES;
				CLANG_ENABLE_OBJC_WEAK = YES;
				CLANG_WARN_BLOCK_CAPTURE_AUTORELEASING = YES;
				CLANG_WARN_BOOL_CONVERSION = YES;
				CLANG_WARN_COMMA = YES;
				CLANG_WARN_CONSTANT_CONVERSION = YES;
				CLANG_WARN_DEPRECATED_OBJC_IMPLEMENTATIONS = YES;
				CLANG_WARN_DIRECT_OBJC_ISA_USAGE = YES_ERROR;
				CLANG_WARN_DOCUMENTATION_COMMENTS = YES;
				CLANG_WARN_EMPTY_BODY = YES;
				CLANG_WARN_ENUM_CONVERSION = YES;
				CLANG_WARN_INFINITE_RECURSION = YES;
				CLANG_WARN_INT_CONVERSION = YES;
				CLANG_WARN_NON_LITERAL_NULL_CONVERSION = YES;
				CLANG_WARN_OBJC_IMPLICIT_RETAIN_SELF = YES;
				CLANG_WARN_OBJC_LITERAL_CONVERSION = YES;
				CLANG_WARN_OBJC_ROOT_CLASS = YES_ERROR;
				CLANG_WARN_QUOTED_INCLUDE_IN_FRAMEWORK_HEADER = YES;
				CLANG_WARN_RANGE_LOOP_ANALYSIS = YES;
				CLANG_WARN_STRICT_PROTOTYPES = YES;
				CLANG_WARN_SUSPICIOUS_MOVE = YES;
				CLANG_WARN_UNGUARDED_AVAILABILITY = YES_AGGRESSIVE;
				CLANG_WARN_UNREACHABLE_CODE = YES;
				CLANG_WARN__DUPLICATE_METHOD_MATCH = YES;
				COPY_PHASE_STRIP = NO;
				DEBUG_INFORMATION_FORMAT = "dwarf-with-dsym";
				ENABLE_NS_ASSERTIONS = NO;
				ENABLE_STRICT_OBJC_MSGSEND = YES;
				GCC_C_LANGUAGE_STANDARD = gnu11;
				GCC_NO_COMMON_BLOCKS = YES;
				GCC_WARN_64_TO_32_BIT_CONVERSION = YES;
				GCC_WARN_ABOUT_RETURN_TYPE = YES_ERROR;
				GCC_WARN_UNDECLARED_SELECTOR = YES;
				GCC_WARN_UNINITIALIZED_AUTOS = YES_AGGRESSIVE;
				GCC_WARN_UNUSED_FUNCTION = YES;
				GCC_WARN_UNUSED_VARIABLE = YES;
				IPHONEOS_DEPLOYMENT_TARGET = 15.0;
				MTL_ENABLE_DEBUG_INFO = NO;
				MTL_FAST_MATH = YES;
				SDKROOT = iphoneos;
				SWIFT_COMPILATION_MODE = wholemodule;
				SWIFT_OPTIMIZATION_LEVEL = "-O";
				VALIDATE_PRODUCT = YES;
			};
			name = Release;
		};
		568DB33F27A1A05B00E98F4B /* Debug */ = {
			isa = XCBuildConfiguration;
			buildSettings = {
				ASSETCATALOG_COMPILER_APPICON_NAME = AppIcon;
				ASSETCATALOG_COMPILER_GLOBAL_ACCENT_COLOR_NAME = AccentColor;
				CODE_SIGN_STYLE = Automatic;
				CURRENT_PROJECT_VERSION = 1;
				DEVELOPMENT_ASSET_PATHS = "\"SurveyAny/Preview Content\"";
				ENABLE_PREVIEWS = YES;
				GENERATE_INFOPLIST_FILE = YES;
				INFOPLIST_KEY_UIApplicationSceneManifest_Generation = YES;
				INFOPLIST_KEY_UIApplicationSupportsIndirectInputEvents = YES;
				INFOPLIST_KEY_UILaunchScreen_Generation = YES;
				INFOPLIST_KEY_UISupportedInterfaceOrientations_iPad = "UIInterfaceOrientationPortrait UIInterfaceOrientationPortraitUpsideDown UIInterfaceOrientationLandscapeLeft UIInterfaceOrientationLandscapeRight";
				INFOPLIST_KEY_UISupportedInterfaceOrientations_iPhone = "UIInterfaceOrientationPortrait UIInterfaceOrientationLandscapeLeft UIInterfaceOrientationLandscapeRight";
				LD_RUNPATH_SEARCH_PATHS = (
					"$(inherited)",
					"@executable_path/Frameworks",
				);
				MARKETING_VERSION = 1.0;
				PRODUCT_BUNDLE_IDENTIFIER = com.app.SurveyAny;
				PRODUCT_NAME = "$(TARGET_NAME)";
				SWIFT_EMIT_LOC_STRINGS = YES;
				SWIFT_VERSION = 5.0;
				TARGETED_DEVICE_FAMILY = "1,2";
			};
			name = Debug;
		};
		568DB34027A1A05B00E98F4B /* Release */ = {
			isa = XCBuildConfiguration;
			buildSettings = {
				ASSETCATALOG_COMPILER_APPICON_NAME = AppIcon;
				ASSETCATALOG_COMPILER_GLOBAL_ACCENT_COLOR_NAME = AccentColor;
				CODE_SIGN_STYLE = Automatic;
				CURRENT_PROJECT_VERSION = 1;
				DEVELOPMENT_ASSET_PATHS = "\"SurveyAny/Preview Content\"";
				ENABLE_PREVIEWS = YES;
				GENERATE_INFOPLIST_FILE = YES;
				INFOPLIST_KEY_UIApplicationSceneManifest_Generation = YES;
				INFOPLIST_KEY_UIApplicationSupportsIndirectInputEvents = YES;
				INFOPLIST_KEY_UILaunchScreen_Generation = YES;
				INFOPLIST_KEY_UISupportedInterfaceOrientations_iPad = "UIInterfaceOrientationPortrait UIInterfaceOrientationPortraitUpsideDown UIInterfaceOrientationLandscapeLeft UIInterfaceOrientationLandscapeRight";
				INFOPLIST_KEY_UISupportedInterfaceOrientations_iPhone = "UIInterfaceOrientationPortrait UIInterfaceOrientationLandscapeLeft UIInterfaceOrientationLandscapeRight";
				LD_RUNPATH_SEARCH_PATHS = (
					"$(inherited)",
					"@executable_path/Frameworks",
				);
				MARKETING_VERSION = 1.0;
				PRODUCT_BUNDLE_IDENTIFIER = com.app.SurveyAny;
				PRODUCT_NAME = "$(TARGET_NAME)";
				SWIFT_EMIT_LOC_STRINGS = YES;
				SWIFT_VERSION = 5.0;
				TARGETED_DEVICE_FAMILY = "1,2";
			};
			name = Release;
		};
		568DB34227A1A05B00E98F4B /* Debug */ = {
			isa = XCBuildConfiguration;
			buildSettings = {
				ALWAYS_EMBED_SWIFT_STANDARD_LIBRARIES = YES;
				BUNDLE_LOADER = "$(TEST_HOST)";
				CODE_SIGN_STYLE = Automatic;
				CURRENT_PROJECT_VERSION = 1;
				GENERATE_INFOPLIST_FILE = YES;
				IPHONEOS_DEPLOYMENT_TARGET = 15.0;
				LD_RUNPATH_SEARCH_PATHS = (
					"$(inherited)",
					"@executable_path/Frameworks",
					"@loader_path/Frameworks",
				);
				MARKETING_VERSION = 1.0;
				PRODUCT_BUNDLE_IDENTIFIER = com.app.SurveyAnyTests;
				PRODUCT_NAME = "$(TARGET_NAME)";
				SWIFT_EMIT_LOC_STRINGS = NO;
				SWIFT_VERSION = 5.0;
				TARGETED_DEVICE_FAMILY = "1,2";
				TEST_HOST = "$(BUILT_PRODUCTS_DIR)/SurveyAny.app/SurveyAny";
			};
			name = Debug;
		};
		568DB34327A1A05B00E98F4B /* Release */ = {
			isa = XCBuildConfiguration;
			buildSettings = {
				ALWAYS_EMBED_SWIFT_STANDARD_LIBRARIES = YES;
				BUNDLE_LOADER = "$(TEST_HOST)";
				CODE_SIGN_STYLE = Automatic;
				CURRENT_PROJECT_VERSION = 1;
				GENERATE_INFOPLIST_FILE = YES;
				IPHONEOS_DEPLOYMENT_TARGET = 15.0;
				LD_RUNPATH_SEARCH_PATHS = (
					"$(inherited)",
					"@executable_path/Frameworks",
					"@loader_path/Frameworks",
				);
				MARKETING_VERSION = 1.0;
				PRODUCT_BUNDLE_IDENTIFIER = com.app.SurveyAnyTests;
				PRODUCT_NAME = "$(TARGET_NAME)";
				SWIFT_EMIT_LOC_STRINGS = NO;
				SWIFT_VERSION = 5.0;
				TARGETED_DEVICE_FAMILY = "1,2";
				TEST_HOST = "$(BUILT_PRODUCTS_DIR)/SurveyAny.app/SurveyAny";
			};
			name = Release;
		};
		568DB34527A1A05B00E98F4B /* Debug */ = {
			isa = XCBuildConfiguration;
			buildSettings = {
				ALWAYS_EMBED_SWIFT_STANDARD_LIBRARIES = YES;
				CODE_SIGN_STYLE = Automatic;
				CURRENT_PROJECT_VERSION = 1;
				GENERATE_INFOPLIST_FILE = YES;
				LD_RUNPATH_SEARCH_PATHS = (
					"$(inherited)",
					"@executable_path/Frameworks",
					"@loader_path/Frameworks",
				);
				MARKETING_VERSION = 1.0;
				PRODUCT_BUNDLE_IDENTIFIER = com.app.SurveyAnyUITests;
				PRODUCT_NAME = "$(TARGET_NAME)";
				SWIFT_EMIT_LOC_STRINGS = NO;
				SWIFT_VERSION = 5.0;
				TARGETED_DEVICE_FAMILY = "1,2";
				TEST_TARGET_NAME = SurveyAny;
			};
			name = Debug;
		};
		568DB34627A1A05B00E98F4B /* Release */ = {
			isa = XCBuildConfiguration;
			buildSettings = {
				ALWAYS_EMBED_SWIFT_STANDARD_LIBRARIES = YES;
				CODE_SIGN_STYLE = Automatic;
				CURRENT_PROJECT_VERSION = 1;
				GENERATE_INFOPLIST_FILE = YES;
				LD_RUNPATH_SEARCH_PATHS = (
					"$(inherited)",
					"@executable_path/Frameworks",
					"@loader_path/Frameworks",
				);
				MARKETING_VERSION = 1.0;
				PRODUCT_BUNDLE_IDENTIFIER = com.app.SurveyAnyUITests;
				PRODUCT_NAME = "$(TARGET_NAME)";
				SWIFT_EMIT_LOC_STRINGS = NO;
				SWIFT_VERSION = 5.0;
				TARGETED_DEVICE_FAMILY = "1,2";
				TEST_TARGET_NAME = SurveyAny;
			};
			name = Release;
		};
/* End XCBuildConfiguration section */

/* Begin XCConfigurationList section */
		568DB31027A1A05800E98F4B /* Build configuration list for PBXProject "SurveyAny" */ = {
			isa = XCConfigurationList;
			buildConfigurations = (
				568DB33C27A1A05B00E98F4B /* Debug */,
				568DB33D27A1A05B00E98F4B /* Release */,
			);
			defaultConfigurationIsVisible = 0;
			defaultConfigurationName = Release;
		};
		568DB33E27A1A05B00E98F4B /* Build configuration list for PBXNativeTarget "SurveyAny" */ = {
			isa = XCConfigurationList;
			buildConfigurations = (
				568DB33F27A1A05B00E98F4B /* Debug */,
				568DB34027A1A05B00E98F4B /* Release */,
			);
			defaultConfigurationIsVisible = 0;
			defaultConfigurationName = Release;
		};
		568DB34127A1A05B00E98F4B /* Build configuration list for PBXNativeTarget "SurveyAnyTests" */ = {
			isa = XCConfigurationList;
			buildConfigurations = (
				568DB34227A1A05B00E98F4B /* Debug */,
				568DB34327A1A05B00E98F4B /* Release */,
			);
			defaultConfigurationIsVisible = 0;
			defaultConfigurationName = Release;
		};
		568DB34427A1A05B00E98F4B /* Build configuration list for PBXNativeTarget "SurveyAnyUITests" */ = {
			isa = XCConfigurationList;
			buildConfigurations = (
				568DB34527A1A05B00E98F4B /* Debug */,
				568DB34627A1A05B00E98F4B /* Release */,
			);
			defaultConfigurationIsVisible = 0;
			defaultConfigurationName = Release;
		};
/* End XCConfigurationList section */

/* Begin XCVersionGroup section */
		568DB32327A1A05A00E98F4B /* SurveyAny.xcdatamodeld */ = {
			isa = XCVersionGroup;
			children = (
				568DB32427A1A05A00E98F4B /* SurveyAny.xcdatamodel */,
			);
			currentVersion = 568DB32427A1A05A00E98F4B /* SurveyAny.xcdatamodel */;
			path = SurveyAny.xcdatamodeld;
			sourceTree = "<group>";
			versionGroupType = wrapper.xcdatamodel;
		};
/* End XCVersionGroup section */
	};
	rootObject = 568DB30D27A1A05800E98F4B /* Project object */;
}
